
Microsoft Visual Studio Solution File, Format Version 12.00
# Visual Studio 15
Project("{FAE04EC0-301F-11D3-BF4B-00C04F79EFBC}") = "Assembly-CSharp", "Assembly-CSharp.csproj", "{DC95C434-AB71-EA1F-B865-DD17BF9BB7D2}"
EndProject
Project("{FAE04EC0-301F-11D3-BF4B-00C04F79EFBC}") = "Unity.2D.Animation.Samples.Runtime", "Unity.2D.Animation.Samples.Runtime.csproj", "{080E3F49-27A5-1875-1942-97B7CF7D9ED5}"
EndProject
Project("{FAE04EC0-301F-11D3-BF4B-00C04F79EFBC}") = "Unity.2D.Animation.Samples.Dependency", "Unity.2D.Animation.Samples.Dependency.csproj", "{C5602F7B-DCE6-8D46-8957-0A2BCA23778E}"
EndProject
Project("{FAE04EC0-301F-11D3-BF4B-00C04F79EFBC}") = "Unity.2D.Animation.Samples.Editor", "Unity.2D.Animation.Samples.Editor.csproj", "{EF242C5F-4B96-E276-E6BE-7BA86EC86820}"
EndProject
Global
	GlobalSection(SolutionConfigurationPlatforms) = preSolution
		Debug|Any CPU = Debug|Any CPU
		Release|Any CPU = Release|Any CPU
	EndGlobalSection
	GlobalSection(ProjectConfigurationPlatforms) = postSolution
		{DC95C434-AB71-EA1F-B865-DD17BF9BB7D2}.Debug|Any CPU.ActiveCfg = Debug|Any CPU
		{DC95C434-AB71-EA1F-B865-DD17BF9BB7D2}.Debug|Any CPU.Build.0 = Debug|Any CPU
		{DC95C434-AB71-EA1F-B865-DD17BF9BB7D2}.Release|Any CPU.ActiveCfg = Release|Any CPU
		{DC95C434-AB71-EA1F-B865-DD17BF9BB7D2}.Release|Any CPU.Build.0 = Release|Any CPU
		{080E3F49-27A5-1875-1942-97B7CF7D9ED5}.Debug|Any CPU.ActiveCfg = Debug|Any CPU
		{080E3F49-27A5-1875-1942-97B7CF7D9ED5}.Debug|Any CPU.Build.0 = Debug|Any CPU
		{080E3F49-27A5-1875-1942-97B7CF7D9ED5}.Release|Any CPU.ActiveCfg = Release|Any CPU
		{080E3F49-27A5-1875-1942-97B7CF7D9ED5}.Release|Any CPU.Build.0 = Release|Any CPU
		{C5602F7B-DCE6-8D46-8957-0A2BCA23778E}.Debug|Any CPU.ActiveCfg = Debug|Any CPU
		{C5602F7B-DCE6-8D46-8957-0A2BCA23778E}.Debug|Any CPU.Build.0 = Debug|Any CPU
		{C5602F7B-DCE6-8D46-8957-0A2BCA23778E}.Release|Any CPU.ActiveCfg = Release|Any CPU
		{C5602F7B-DCE6-8D46-8957-0A2BCA23778E}.Release|Any CPU.Build.0 = Release|Any CPU
		{EF242C5F-4B96-E276-E6BE-7BA86EC86820}.Debug|Any CPU.ActiveCfg = Debug|Any CPU
		{EF242C5F-4B96-E276-E6BE-7BA86EC86820}.Debug|Any CPU.Build.0 = Debug|Any CPU
		{EF242C5F-4B96-E276-E6BE-7BA86EC86820}.Release|Any CPU.ActiveCfg = Release|Any CPU
		{EF242C5F-4B96-E276-E6BE-7BA86EC86820}.Release|Any CPU.Build.0 = Release|Any CPU
	EndGlobalSection
	GlobalSection(SolutionProperties) = preSolution
		HideSolutionNode = FALSE
	EndGlobalSection
EndGlobal
